
Microsoft Visual Studio Solution File, Format Version 12.00
# Visual Studio 15
VisualStudioVersion = 15.0.28307.489
MinimumVisualStudioVersion = 10.0.40219.1
Project("{FAE04EC0-301F-11D3-BF4B-00C04F79EFBC}") = "TimKiemLinq", "TimKiemLinq\TimKiemLinq.csproj", "{6CA45A2C-2D13-4D46-B04A-1F1F693156A0}"
EndProject
Global
	GlobalSection(SolutionConfigurationPlatforms) = preSolution
		Debug|Any CPU = Debug|Any CPU
		Release|Any CPU = Release|Any CPU
	EndGlobalSection
	GlobalSection(ProjectConfigurationPlatforms) = postSolution
		{6CA45A2C-2D13-4D46-B04A-1F1F693156A0}.Debug|Any CPU.ActiveCfg = Debug|Any CPU
		{6CA45A2C-2D13-4D46-B04A-1F1F693156A0}.Debug|Any CPU.Build.0 = Debug|Any CPU
		{6CA45A2C-2D13-4D46-B04A-1F1F693156A0}.Release|Any CPU.ActiveCfg = Release|Any CPU
		{6CA45A2C-2D13-4D46-B04A-1F1F693156A0}.Release|Any CPU.Build.0 = Release|Any CPU
	EndGlobalSection
	GlobalSection(SolutionProperties) = preSolution
		HideSolutionNode = FALSE
	EndGlobalSection
	GlobalSection(ExtensibilityGlobals) = postSolution
		SolutionGuid = {314B4ED4-1C18-4F63-BCE4-E1E64E2528FF}
	EndGlobalSection
EndGlobal
