
Microsoft Visual Studio Solution File, Format Version 12.00
# Visual Studio 15
VisualStudioVersion = 15.0.28307.489
MinimumVisualStudioVersion = 10.0.40219.1
Project("{FAE04EC0-301F-11D3-BF4B-00C04F79EFBC}") = "Sent_file_client", "Sent_file_client\Sent_file_client.csproj", "{7DFC1AF6-8D84-4115-8AF3-1873A9FF7178}"
EndProject
Global
	GlobalSection(SolutionConfigurationPlatforms) = preSolution
		Debug|Any CPU = Debug|Any CPU
		Release|Any CPU = Release|Any CPU
	EndGlobalSection
	GlobalSection(ProjectConfigurationPlatforms) = postSolution
		{7DFC1AF6-8D84-4115-8AF3-1873A9FF7178}.Debug|Any CPU.ActiveCfg = Debug|Any CPU
		{7DFC1AF6-8D84-4115-8AF3-1873A9FF7178}.Debug|Any CPU.Build.0 = Debug|Any CPU
		{7DFC1AF6-8D84-4115-8AF3-1873A9FF7178}.Release|Any CPU.ActiveCfg = Release|Any CPU
		{7DFC1AF6-8D84-4115-8AF3-1873A9FF7178}.Release|Any CPU.Build.0 = Release|Any CPU
	EndGlobalSection
	GlobalSection(SolutionProperties) = preSolution
		HideSolutionNode = FALSE
	EndGlobalSection
	GlobalSection(ExtensibilityGlobals) = postSolution
		SolutionGuid = {C5A7F07C-9A21-4746-831B-F70B1A341A6E}
	EndGlobalSection
EndGlobal
