
Microsoft Visual Studio Solution File, Format Version 12.00
# Visual Studio 15
VisualStudioVersion = 15.0.28307.489
MinimumVisualStudioVersion = 10.0.40219.1
Project("{FAE04EC0-301F-11D3-BF4B-00C04F79EFBC}") = "TestTCP", "TestTCP\TestTCP.csproj", "{EBE12C99-A38D-48EF-B934-A23ADCA2D081}"
EndProject
Global
	GlobalSection(SolutionConfigurationPlatforms) = preSolution
		Debug|Any CPU = Debug|Any CPU
		Release|Any CPU = Release|Any CPU
	EndGlobalSection
	GlobalSection(ProjectConfigurationPlatforms) = postSolution
		{EBE12C99-A38D-48EF-B934-A23ADCA2D081}.Debug|Any CPU.ActiveCfg = Debug|Any CPU
		{EBE12C99-A38D-48EF-B934-A23ADCA2D081}.Debug|Any CPU.Build.0 = Debug|Any CPU
		{EBE12C99-A38D-48EF-B934-A23ADCA2D081}.Release|Any CPU.ActiveCfg = Release|Any CPU
		{EBE12C99-A38D-48EF-B934-A23ADCA2D081}.Release|Any CPU.Build.0 = Release|Any CPU
	EndGlobalSection
	GlobalSection(SolutionProperties) = preSolution
		HideSolutionNode = FALSE
	EndGlobalSection
	GlobalSection(ExtensibilityGlobals) = postSolution
		SolutionGuid = {848C544B-5858-4C53-A3F3-4100FDFA2569}
	EndGlobalSection
EndGlobal
